
Microsoft Visual Studio Solution File, Format Version 12.00
# Visual Studio 14
VisualStudioVersion = 14.0.25123.0
MinimumVisualStudioVersion = 10.0.40219.1
Project("{FAE04EC0-301F-11D3-BF4B-00C04F79EFBC}") = "TDDProject", "TDDProject\TDDProject.csproj", "{12E04C95-A924-4166-85A2-485950709E1B}"
EndProject
Project("{FAE04EC0-301F-11D3-BF4B-00C04F79EFBC}") = "TDDProject.Test", "TDDProject.Test\TDDProject.Test.csproj", "{F3B1D86A-912C-4A76-8C86-4F350FB4B752}"
EndProject
Global
	GlobalSection(SolutionConfigurationPlatforms) = preSolution
		Debug|Any CPU = Debug|Any CPU
		Release|Any CPU = Release|Any CPU
	EndGlobalSection
	GlobalSection(ProjectConfigurationPlatforms) = postSolution
		{12E04C95-A924-4166-85A2-485950709E1B}.Debug|Any CPU.ActiveCfg = Debug|Any CPU
		{12E04C95-A924-4166-85A2-485950709E1B}.Debug|Any CPU.Build.0 = Debug|Any CPU
		{12E04C95-A924-4166-85A2-485950709E1B}.Release|Any CPU.ActiveCfg = Release|Any CPU
		{12E04C95-A924-4166-85A2-485950709E1B}.Release|Any CPU.Build.0 = Release|Any CPU
		{F3B1D86A-912C-4A76-8C86-4F350FB4B752}.Debug|Any CPU.ActiveCfg = Debug|Any CPU
		{F3B1D86A-912C-4A76-8C86-4F350FB4B752}.Debug|Any CPU.Build.0 = Debug|Any CPU
		{F3B1D86A-912C-4A76-8C86-4F350FB4B752}.Release|Any CPU.ActiveCfg = Release|Any CPU
		{F3B1D86A-912C-4A76-8C86-4F350FB4B752}.Release|Any CPU.Build.0 = Release|Any CPU
	EndGlobalSection
	GlobalSection(SolutionProperties) = preSolution
		HideSolutionNode = FALSE
	EndGlobalSection
EndGlobal
